
Microsoft Visual Studio Solution File, Format Version 12.00
# Visual Studio Version 17
VisualStudioVersion = 17.8.34309.116
MinimumVisualStudioVersion = 10.0.40219.1
Project("{FAE04EC0-301F-11D3-BF4B-00C04F79EFBC}") = "Distance", "Distance.csproj", "{F69F455A-ECAA-429D-A285-48E5310182C9}"
EndProject
Global
	GlobalSection(SolutionConfigurationPlatforms) = preSolution
		Debug|Any CPU = Debug|Any CPU
		Release|Any CPU = Release|Any CPU
	EndGlobalSection
	GlobalSection(ProjectConfigurationPlatforms) = postSolution
		{F69F455A-ECAA-429D-A285-48E5310182C9}.Debug|Any CPU.ActiveCfg = Debug|Any CPU
		{F69F455A-ECAA-429D-A285-48E5310182C9}.Debug|Any CPU.Build.0 = Debug|Any CPU
		{F69F455A-ECAA-429D-A285-48E5310182C9}.Release|Any CPU.ActiveCfg = Release|Any CPU
		{F69F455A-ECAA-429D-A285-48E5310182C9}.Release|Any CPU.Build.0 = Release|Any CPU
	EndGlobalSection
	GlobalSection(SolutionProperties) = preSolution
		HideSolutionNode = FALSE
	EndGlobalSection
	GlobalSection(ExtensibilityGlobals) = postSolution
		SolutionGuid = {2100D67F-50EA-4F94-A571-7ACB0F1CF9E0}
	EndGlobalSection
EndGlobal
